PODS:
  - Flutter (1.0.0)
  - photo_album_manager (0.0.1):
    - Flutter

DEPENDENCIES:
  - Flutter (from `.symlinks/flutter/ios`)
  - photo_album_manager (from `.symlinks/plugins/photo_album_manager/ios`)

EXTERNAL SOURCES:
  Flutter:
    :path: ".symlinks/flutter/ios"
  photo_album_manager:
    :path: ".symlinks/plugins/photo_album_manager/ios"

SPEC CHECKSUMS:
  Flutter: 58dd7d1b27887414a370fcccb9e645c08ffd7a6a
  photo_album_manager: 69e01ff779dc628d6959110fdfa57701399d779d

PODFILE CHECKSUM: 81d9101721a74b9b88ddd9e9dfe15eec968bc82e

COCOAPODS: 1.6.1
