PODS:
  - Flutter (1.0.0)
  - photo_album_manager (0.0.1):
    - Flutter

DEPENDENCIES:
  - Flutter (from `.symlinks/flutter/ios`)
  - photo_album_manager (from `.symlinks/plugins/photo_album_manager/ios`)

EXTERNAL SOURCES:
  Flutter:
    :path: ".symlinks/flutter/ios"
  photo_album_manager:
    :path: ".symlinks/plugins/photo_album_manager/ios"

SPEC CHECKSUMS:
  Flutter: 58dd7d1b27887414a370fcccb9e645c08ffd7a6a
  photo_album_manager: 85c726a9c27599aabe557f1895c6bef01687b6b9

PODFILE CHECKSUM: 7fb83752f59ead6285236625b82473f90b1cb932

COCOAPODS: 1.6.1
